# This file is autogenerated, do not edit; changes may be undone by the next 'dep ensure'.


[[projects]]
  branch = "master"
  name = "github.com/golang/protobuf"
  packages = ["proto"]
  revision = "130e6b02ab059e7b717a096f397c5b60111cae74"

[[projects]]
  branch = "master"
  name = "github.com/hashicorp/go-cleanhttp"
  packages = ["."]
  revision = "3573b8b52aa7b37b9358d966a898feb387f62437"

[[projects]]
  branch = "master"
  name = "github.com/hashicorp/go-uuid"
  packages = ["."]
  revision = "64130c7a86d732268a38cb04cfbaf0cc987fda98"

[[projects]]
  branch = "master"
  name = "github.com/jcmturner/asn1"
  packages = ["."]
  revision = "478ccf09c45d824f741022c79e542624952a83c5"

[[projects]]
  name = "github.com/satori/go.uuid"
  packages = ["."]
  revision = "879c5887cd475cd7864858769793b2ceb0d44feb"
  version = "v1.1.0"

[[projects]]
  name = "github.com/xinsnake/go-http-digest-auth-client"
  packages = ["."]
  revision = "366760120fe0342664d581b235be4eb08aca8834"
  version = "v0.3.0"

[[projects]]
  branch = "master"
  name = "golang.org/x/crypto"
  packages = ["md4","pbkdf2"]
  revision = "9419663f5a44be8b34ca85f08abc5fe1be11f8a3"

[[projects]]
  branch = "master"
  name = "golang.org/x/net"
  packages = ["context","context/ctxhttp"]
  revision = "1087133bc4af3073e18add999345c6ae75918503"

[[projects]]
  name = "gopkg.in/jcmturner/aescts.v1"
  packages = ["."]
  revision = "f6abebb3171c4c1b1fea279cb7c7325020a26290"
  version = "v1.0.1"

[[projects]]
  name = "gopkg.in/jcmturner/gokrb5.v1"
  packages = ["asn1tools","client","config","credentials","crypto","crypto/common","crypto/etype","crypto/rfc3961","crypto/rfc3962","crypto/rfc4757","crypto/rfc8009","gssapi","iana","iana/adtype","iana/asnAppTag","iana/chksumtype","iana/errorcode","iana/etypeID","iana/flags","iana/keyusage","iana/msgtype","iana/nametype","iana/patype","keytab","krberror","messages","mstypes","ndr","pac","types"]
  revision = "ab3cf9b73d364620add518ba8fcfaa67a6c37649"
  version = "v1.2.0"

[solve-meta]
  analyzer-name = "dep"
  analyzer-version = 1
  inputs-digest = "b65d0123d2b03cf1df895c14308b8f5328335b0c86c57e6cd4597488262e3751"
  solver-name = "gps-cdcl"
  solver-version = 1
